
Microsoft Visual Studio Solution File, Format Version 12.00
# Visual Studio Version 17
VisualStudioVersion = 17.6.33815.320
MinimumVisualStudioVersion = 10.0.40219.1
Project("{FAE04EC0-301F-11D3-BF4B-00C04F79EFBC}") = "APIDemo", "APIDemo.csproj", "{5E91C36B-90F5-426B-B162-5D6AE0B2263F}"
EndProject
Global
	GlobalSection(SolutionConfigurationPlatforms) = preSolution
		Debug|Any CPU = Debug|Any CPU
		Release|Any CPU = Release|Any CPU
	EndGlobalSection
	GlobalSection(ProjectConfigurationPlatforms) = postSolution
		{5E91C36B-90F5-426B-B162-5D6AE0B2263F}.Debug|Any CPU.ActiveCfg = Debug|Any CPU
		{5E91C36B-90F5-426B-B162-5D6AE0B2263F}.Debug|Any CPU.Build.0 = Debug|Any CPU
		{5E91C36B-90F5-426B-B162-5D6AE0B2263F}.Release|Any CPU.ActiveCfg = Release|Any CPU
		{5E91C36B-90F5-426B-B162-5D6AE0B2263F}.Release|Any CPU.Build.0 = Release|Any CPU
	EndGlobalSection
	GlobalSection(SolutionProperties) = preSolution
		HideSolutionNode = FALSE
	EndGlobalSection
	GlobalSection(ExtensibilityGlobals) = postSolution
		SolutionGuid = {8DC6D7AE-F68D-4205-9445-3F7377B9F4AD}
	EndGlobalSection
EndGlobal
